# This file is automatically @generated by Cargo.
# It is not intended for manual editing.
version = 4

[[package]]
name = "anyhow"
version = "1.0.97"
source = "registry+https://github.com/rust-lang/crates.io-index"
checksum = "dcfed56ad506cb2c684a14971b8861fdc3baaaae314b9e5f9bb532cbe3ba7a4f"

[[package]]
name = "matasano-bitwise"
version = "0.1.0"
dependencies = [
 "matasano-util",
 "paste",
]

[[package]]
name = "matasano-challenges"
version = "0.1.0"
dependencies = [
 "anyhow",
 "matasano-bitwise",
 "matasano-util",
]

[[package]]
name = "matasano-constants"
version = "0.1.0"

[[package]]
name = "matasano-encoding"
version = "0.1.0"
dependencies = [
 "matasano-util",
]

[[package]]
name = "matasano-parser"
version = "0.1.0"

[[package]]
name = "matasano-util"
version = "0.1.0"

[[package]]
name = "paste"
version = "1.0.15"
source = "registry+https://github.com/rust-lang/crates.io-index"
checksum = "57c0d7b74b563b49d38dae00a0c37d4d6de9b432382b2892f0574ddcae73fd0a"
